
Microsoft Visual Studio Solution File, Format Version 11.00
# Visual Studio 2010
Project("{FAE04EC0-301F-11D3-BF4B-00C04F79EFBC}") = "UnityEngine.TestRunner", "UnityEngine.TestRunner.csproj", "{4b5a43b8-9798-8744-671e-f9df77ec9d1b}"
EndProject
Project("{FAE04EC0-301F-11D3-BF4B-00C04F79EFBC}") = "Unity.Timeline", "Unity.Timeline.csproj", "{6418ae07-2080-f773-be49-d4e51c324c44}"
EndProject
Project("{FAE04EC0-301F-11D3-BF4B-00C04F79EFBC}") = "UnityEngine.UI", "UnityEngine.UI.csproj", "{66f379c1-d8ff-b5fd-eff1-d04e672baf93}"
EndProject
Project("{FAE04EC0-301F-11D3-BF4B-00C04F79EFBC}") = "Cinemachine", "Cinemachine.csproj", "{d92fb419-d4b0-e371-9ffa-8cd1dec5a3bb}"
EndProject
Project("{FAE04EC0-301F-11D3-BF4B-00C04F79EFBC}") = "Unity.TextMeshPro", "Unity.TextMeshPro.csproj", "{df8bda90-4508-cb16-e5d3-d2294766db7f}"
EndProject
Project("{FAE04EC0-301F-11D3-BF4B-00C04F79EFBC}") = "Unity.Postprocessing.Runtime", "Unity.Postprocessing.Runtime.csproj", "{23cbcef5-0542-aae0-da97-bedcc7b1eee3}"
EndProject
Project("{FAE04EC0-301F-11D3-BF4B-00C04F79EFBC}") = "Assembly-CSharp", "Assembly-CSharp.csproj", "{ee1fcee1-be67-3365-73aa-cc578be80dcd}"
EndProject
Project("{FAE04EC0-301F-11D3-BF4B-00C04F79EFBC}") = "UnityEditor.TestRunner", "UnityEditor.TestRunner.csproj", "{cc6c1d34-c283-27ba-288e-c2063e8a2c17}"
EndProject
Project("{FAE04EC0-301F-11D3-BF4B-00C04F79EFBC}") = "Unity.PlasticSCM.Editor", "Unity.PlasticSCM.Editor.csproj", "{e3de2825-0a9d-46b4-6bce-83177a14cee1}"
EndProject
Project("{FAE04EC0-301F-11D3-BF4B-00C04F79EFBC}") = "UnityEditor.UI", "UnityEditor.UI.csproj", "{f7579520-c516-d281-9676-cc793e0d72e5}"
EndProject
Project("{FAE04EC0-301F-11D3-BF4B-00C04F79EFBC}") = "Unity.Services.Core.Editor", "Unity.Services.Core.Editor.csproj", "{b80bb40d-702e-2362-a4c6-6715f3b967cc}"
EndProject
Project("{FAE04EC0-301F-11D3-BF4B-00C04F79EFBC}") = "Unity.Timeline.Editor", "Unity.Timeline.Editor.csproj", "{29bf6023-5f12-f45b-a3d5-d77504e3b7ee}"
EndProject
Project("{FAE04EC0-301F-11D3-BF4B-00C04F79EFBC}") = "Unity.VisualStudio.Editor", "Unity.VisualStudio.Editor.csproj", "{bcbca0a4-d765-a0c2-5447-99a07e59b2c2}"
EndProject
Project("{FAE04EC0-301F-11D3-BF4B-00C04F79EFBC}") = "com.unity.cinemachine.editor", "com.unity.cinemachine.editor.csproj", "{2fb74361-8e05-8a24-e5a2-89ef924ff308}"
EndProject
Project("{FAE04EC0-301F-11D3-BF4B-00C04F79EFBC}") = "Unity.TextMeshPro.Editor", "Unity.TextMeshPro.Editor.csproj", "{c0ebadea-bd16-1e82-8a3d-f9d13a1dcc0b}"
EndProject
Project("{FAE04EC0-301F-11D3-BF4B-00C04F79EFBC}") = "Unity.CollabProxy.Editor", "Unity.CollabProxy.Editor.csproj", "{75b7d119-9c9c-4c58-a493-59535127684b}"
EndProject
Project("{FAE04EC0-301F-11D3-BF4B-00C04F79EFBC}") = "Unity.Postprocessing.Editor", "Unity.Postprocessing.Editor.csproj", "{feadfab5-1ef5-8a82-2905-407188a25a5e}"
EndProject
Project("{FAE04EC0-301F-11D3-BF4B-00C04F79EFBC}") = "Unity.Rider.Editor", "Unity.Rider.Editor.csproj", "{157b1f5f-cd19-9788-1115-dc752b8111ef}"
EndProject
Project("{FAE04EC0-301F-11D3-BF4B-00C04F79EFBC}") = "Unity.VSCode.Editor", "Unity.VSCode.Editor.csproj", "{3bd01713-7f0e-8732-2cbb-4034ae5415bf}"
EndProject
Global
	GlobalSection(SolutionConfigurationPlatforms) = preSolution
		Debug|Any CPU = Debug|Any CPU
	EndGlobalSection
	GlobalSection(ProjectConfigurationPlatforms) = postSolution
		{4b5a43b8-9798-8744-671e-f9df77ec9d1b}.Debug|Any CPU.ActiveCfg = Debug|Any CPU
		{4b5a43b8-9798-8744-671e-f9df77ec9d1b}.Debug|Any CPU.Build.0 = Debug|Any CPU
		{6418ae07-2080-f773-be49-d4e51c324c44}.Debug|Any CPU.ActiveCfg = Debug|Any CPU
		{6418ae07-2080-f773-be49-d4e51c324c44}.Debug|Any CPU.Build.0 = Debug|Any CPU
		{66f379c1-d8ff-b5fd-eff1-d04e672baf93}.Debug|Any CPU.ActiveCfg = Debug|Any CPU
		{66f379c1-d8ff-b5fd-eff1-d04e672baf93}.Debug|Any CPU.Build.0 = Debug|Any CPU
		{d92fb419-d4b0-e371-9ffa-8cd1dec5a3bb}.Debug|Any CPU.ActiveCfg = Debug|Any CPU
		{d92fb419-d4b0-e371-9ffa-8cd1dec5a3bb}.Debug|Any CPU.Build.0 = Debug|Any CPU
		{df8bda90-4508-cb16-e5d3-d2294766db7f}.Debug|Any CPU.ActiveCfg = Debug|Any CPU
		{df8bda90-4508-cb16-e5d3-d2294766db7f}.Debug|Any CPU.Build.0 = Debug|Any CPU
		{23cbcef5-0542-aae0-da97-bedcc7b1eee3}.Debug|Any CPU.ActiveCfg = Debug|Any CPU
		{23cbcef5-0542-aae0-da97-bedcc7b1eee3}.Debug|Any CPU.Build.0 = Debug|Any CPU
		{ee1fcee1-be67-3365-73aa-cc578be80dcd}.Debug|Any CPU.ActiveCfg = Debug|Any CPU
		{ee1fcee1-be67-3365-73aa-cc578be80dcd}.Debug|Any CPU.Build.0 = Debug|Any CPU
		{cc6c1d34-c283-27ba-288e-c2063e8a2c17}.Debug|Any CPU.ActiveCfg = Debug|Any CPU
		{cc6c1d34-c283-27ba-288e-c2063e8a2c17}.Debug|Any CPU.Build.0 = Debug|Any CPU
		{e3de2825-0a9d-46b4-6bce-83177a14cee1}.Debug|Any CPU.ActiveCfg = Debug|Any CPU
		{e3de2825-0a9d-46b4-6bce-83177a14cee1}.Debug|Any CPU.Build.0 = Debug|Any CPU
		{f7579520-c516-d281-9676-cc793e0d72e5}.Debug|Any CPU.ActiveCfg = Debug|Any CPU
		{f7579520-c516-d281-9676-cc793e0d72e5}.Debug|Any CPU.Build.0 = Debug|Any CPU
		{b80bb40d-702e-2362-a4c6-6715f3b967cc}.Debug|Any CPU.ActiveCfg = Debug|Any CPU
		{b80bb40d-702e-2362-a4c6-6715f3b967cc}.Debug|Any CPU.Build.0 = Debug|Any CPU
		{29bf6023-5f12-f45b-a3d5-d77504e3b7ee}.Debug|Any CPU.ActiveCfg = Debug|Any CPU
		{29bf6023-5f12-f45b-a3d5-d77504e3b7ee}.Debug|Any CPU.Build.0 = Debug|Any CPU
		{bcbca0a4-d765-a0c2-5447-99a07e59b2c2}.Debug|Any CPU.ActiveCfg = Debug|Any CPU
		{bcbca0a4-d765-a0c2-5447-99a07e59b2c2}.Debug|Any CPU.Build.0 = Debug|Any CPU
		{2fb74361-8e05-8a24-e5a2-89ef924ff308}.Debug|Any CPU.ActiveCfg = Debug|Any CPU
		{2fb74361-8e05-8a24-e5a2-89ef924ff308}.Debug|Any CPU.Build.0 = Debug|Any CPU
		{c0ebadea-bd16-1e82-8a3d-f9d13a1dcc0b}.Debug|Any CPU.ActiveCfg = Debug|Any CPU
		{c0ebadea-bd16-1e82-8a3d-f9d13a1dcc0b}.Debug|Any CPU.Build.0 = Debug|Any CPU
		{75b7d119-9c9c-4c58-a493-59535127684b}.Debug|Any CPU.ActiveCfg = Debug|Any CPU
		{75b7d119-9c9c-4c58-a493-59535127684b}.Debug|Any CPU.Build.0 = Debug|Any CPU
		{feadfab5-1ef5-8a82-2905-407188a25a5e}.Debug|Any CPU.ActiveCfg = Debug|Any CPU
		{feadfab5-1ef5-8a82-2905-407188a25a5e}.Debug|Any CPU.Build.0 = Debug|Any CPU
		{157b1f5f-cd19-9788-1115-dc752b8111ef}.Debug|Any CPU.ActiveCfg = Debug|Any CPU
		{157b1f5f-cd19-9788-1115-dc752b8111ef}.Debug|Any CPU.Build.0 = Debug|Any CPU
		{3bd01713-7f0e-8732-2cbb-4034ae5415bf}.Debug|Any CPU.ActiveCfg = Debug|Any CPU
		{3bd01713-7f0e-8732-2cbb-4034ae5415bf}.Debug|Any CPU.Build.0 = Debug|Any CPU
	EndGlobalSection
	GlobalSection(SolutionProperties) = preSolution
		HideSolutionNode = FALSE
	EndGlobalSection
EndGlobal
